
Microsoft Visual Studio Solution File, Format Version 12.00
# Visual Studio Version 17
VisualStudioVersion = 17.9.34728.123
MinimumVisualStudioVersion = 10.0.40219.1
Project("{FAE04EC0-301F-11D3-BF4B-00C04F79EFBC}") = "BulkyWeb", "BulkyWeb\BulkyWeb.csproj", "{0D455476-5BF0-46C2-B89A-21737441C351}"
EndProject
Global
	GlobalSection(SolutionConfigurationPlatforms) = preSolution
		Debug|Any CPU = Debug|Any CPU
		Release|Any CPU = Release|Any CPU
	EndGlobalSection
	GlobalSection(ProjectConfigurationPlatforms) = postSolution
		{0D455476-5BF0-46C2-B89A-21737441C351}.Debug|Any CPU.ActiveCfg = Debug|Any CPU
		{0D455476-5BF0-46C2-B89A-21737441C351}.Debug|Any CPU.Build.0 = Debug|Any CPU
		{0D455476-5BF0-46C2-B89A-21737441C351}.Release|Any CPU.ActiveCfg = Release|Any CPU
		{0D455476-5BF0-46C2-B89A-21737441C351}.Release|Any CPU.Build.0 = Release|Any CPU
	EndGlobalSection
	GlobalSection(SolutionProperties) = preSolution
		HideSolutionNode = FALSE
	EndGlobalSection
	GlobalSection(ExtensibilityGlobals) = postSolution
		SolutionGuid = {ED4FB658-4DD6-44CF-BC3A-C9A81A749E6F}
	EndGlobalSection
EndGlobal
